
Microsoft Visual Studio Solution File, Format Version 12.00
# Visual Studio 15
VisualStudioVersion = 15.0.27703.2035
MinimumVisualStudioVersion = 10.0.40219.1
Project("{FAE04EC0-301F-11D3-BF4B-00C04F79EFBC}") = "App01_ConsultarCEP.Android", "App01_ConsultarCEP\App01_ConsultarCEP.Android\App01_ConsultarCEP.Android.csproj", "{EADBC070-F4C8-4B7F-9814-35BFD117299F}"
EndProject
Project("{FAE04EC0-301F-11D3-BF4B-00C04F79EFBC}") = "App01_ConsultarCEP.iOS", "App01_ConsultarCEP\App01_ConsultarCEP.iOS\App01_ConsultarCEP.iOS.csproj", "{C9514539-DE08-4CE4-973D-5FADB695D4DF}"
EndProject
Project("{FAE04EC0-301F-11D3-BF4B-00C04F79EFBC}") = "App01_ConsultarCEP.UWP", "App01_ConsultarCEP\App01_ConsultarCEP.UWP\App01_ConsultarCEP.UWP.csproj", "{D63A1A8D-665C-493A-AA0D-A422982173A7}"
EndProject
Project("{FAE04EC0-301F-11D3-BF4B-00C04F79EFBC}") = "App01_ConsultarCEP", "App01_ConsultarCEP\App01_ConsultarCEP\App01_ConsultarCEP.csproj", "{465B8E62-C7C7-4A74-8747-A647AB686B47}"
EndProject
Global
	GlobalSection(SolutionConfigurationPlatforms) = preSolution
		Ad-Hoc|Any CPU = Ad-Hoc|Any CPU
		Ad-Hoc|ARM = Ad-Hoc|ARM
		Ad-Hoc|iPhone = Ad-Hoc|iPhone
		Ad-Hoc|iPhoneSimulator = Ad-Hoc|iPhoneSimulator
		Ad-Hoc|x64 = Ad-Hoc|x64
		Ad-Hoc|x86 = Ad-Hoc|x86
		AppStore|Any CPU = AppStore|Any CPU
		AppStore|ARM = AppStore|ARM
		AppStore|iPhone = AppStore|iPhone
		AppStore|iPhoneSimulator = AppStore|iPhoneSimulator
		AppStore|x64 = AppStore|x64
		AppStore|x86 = AppStore|x86
		Debug|Any CPU = Debug|Any CPU
		Debug|ARM = Debug|ARM
		Debug|iPhone = Debug|iPhone
		Debug|iPhoneSimulator = Debug|iPhoneSimulator
		Debug|x64 = Debug|x64
		Debug|x86 = Debug|x86
		Release|Any CPU = Release|Any CPU
		Release|ARM = Release|ARM
		Release|iPhone = Release|iPhone
		Release|iPhoneSimulator = Release|iPhoneSimulator
		Release|x64 = Release|x64
		Release|x86 = Release|x86
	EndGlobalSection
	GlobalSection(ProjectConfigurationPlatforms) = postSolution
		{EADBC070-F4C8-4B7F-9814-35BFD117299F}.Ad-Hoc|Any CPU.ActiveCfg = Release|Any CPU
		{EADBC070-F4C8-4B7F-9814-35BFD117299F}.Ad-Hoc|Any CPU.Build.0 = Release|Any CPU
		{EADBC070-F4C8-4B7F-9814-35BFD117299F}.Ad-Hoc|Any CPU.Deploy.0 = Release|Any CPU
		{EADBC070-F4C8-4B7F-9814-35BFD117299F}.Ad-Hoc|ARM.ActiveCfg = Release|Any CPU
		{EADBC070-F4C8-4B7F-9814-35BFD117299F}.Ad-Hoc|ARM.Build.0 = Release|Any CPU
		{EADBC070-F4C8-4B7F-9814-35BFD117299F}.Ad-Hoc|ARM.Deploy.0 = Release|Any CPU
		{EADBC070-F4C8-4B7F-9814-35BFD117299F}.Ad-Hoc|iPhone.ActiveCfg = Release|Any CPU
		{EADBC070-F4C8-4B7F-9814-35BFD117299F}.Ad-Hoc|iPhone.Build.0 = Release|Any CPU
		{EADBC070-F4C8-4B7F-9814-35BFD117299F}.Ad-Hoc|iPhone.Deploy.0 = Release|Any CPU
		{EADBC070-F4C8-4B7F-9814-35BFD117299F}.Ad-Hoc|iPhoneSimulator.ActiveCfg = Release|Any CPU
		{EADBC070-F4C8-4B7F-9814-35BFD117299F}.Ad-Hoc|iPhoneSimulator.Build.0 = Release|Any CPU
		{EADBC070-F4C8-4B7F-9814-35BFD117299F}.Ad-Hoc|iPhoneSimulator.Deploy.0 = Release|Any CPU
		{EADBC070-F4C8-4B7F-9814-35BFD117299F}.Ad-Hoc|x64.ActiveCfg = Release|Any CPU
		{EADBC070-F4C8-4B7F-9814-35BFD117299F}.Ad-Hoc|x64.Build.0 = Release|Any CPU
		{EADBC070-F4C8-4B7F-9814-35BFD117299F}.Ad-Hoc|x64.Deploy.0 = Release|Any CPU
		{EADBC070-F4C8-4B7F-9814-35BFD117299F}.Ad-Hoc|x86.ActiveCfg = Release|Any CPU
		{EADBC070-F4C8-4B7F-9814-35BFD117299F}.Ad-Hoc|x86.Build.0 = Release|Any CPU
		{EADBC070-F4C8-4B7F-9814-35BFD117299F}.Ad-Hoc|x86.Deploy.0 = Release|Any CPU
		{EADBC070-F4C8-4B7F-9814-35BFD117299F}.AppStore|Any CPU.ActiveCfg = Release|Any CPU
		{EADBC070-F4C8-4B7F-9814-35BFD117299F}.AppStore|Any CPU.Build.0 = Release|Any CPU
		{EADBC070-F4C8-4B7F-9814-35BFD117299F}.AppStore|Any CPU.Deploy.0 = Release|Any CPU
		{EADBC070-F4C8-4B7F-9814-35BFD117299F}.AppStore|ARM.ActiveCfg = Release|Any CPU
		{EADBC070-F4C8-4B7F-9814-35BFD117299F}.AppStore|ARM.Build.0 = Release|Any CPU
		{EADBC070-F4C8-4B7F-9814-35BFD117299F}.AppStore|ARM.Deploy.0 = Release|Any CPU
		{EADBC070-F4C8-4B7F-9814-35BFD117299F}.AppStore|iPhone.ActiveCfg = Release|Any CPU
		{EADBC070-F4C8-4B7F-9814-35BFD117299F}.AppStore|iPhone.Build.0 = Release|Any CPU
		{EADBC070-F4C8-4B7F-9814-35BFD117299F}.AppStore|iPhone.Deploy.0 = Release|Any CPU
		{EADBC070-F4C8-4B7F-9814-35BFD117299F}.AppStore|iPhoneSimulator.ActiveCfg = Release|Any CPU
		{EADBC070-F4C8-4B7F-9814-35BFD117299F}.AppStore|iPhoneSimulator.Build.0 = Release|Any CPU
		{EADBC070-F4C8-4B7F-9814-35BFD117299F}.AppStore|iPhoneSimulator.Deploy.0 = Release|Any CPU
		{EADBC070-F4C8-4B7F-9814-35BFD117299F}.AppStore|x64.ActiveCfg = Release|Any CPU
		{EADBC070-F4C8-4B7F-9814-35BFD117299F}.AppStore|x64.Build.0 = Release|Any CPU
		{EADBC070-F4C8-4B7F-9814-35BFD117299F}.AppStore|x64.Deploy.0 = Release|Any CPU
		{EADBC070-F4C8-4B7F-9814-35BFD117299F}.AppStore|x86.ActiveCfg = Release|Any CPU
		{EADBC070-F4C8-4B7F-9814-35BFD117299F}.AppStore|x86.Build.0 = Release|Any CPU
		{EADBC070-F4C8-4B7F-9814-35BFD117299F}.AppStore|x86.Deploy.0 = Release|Any CPU
		{EADBC070-F4C8-4B7F-9814-35BFD117299F}.Debug|Any CPU.ActiveCfg = Debug|Any CPU
		{EADBC070-F4C8-4B7F-9814-35BFD117299F}.Debug|Any CPU.Build.0 = Debug|Any CPU
		{EADBC070-F4C8-4B7F-9814-35BFD117299F}.Debug|Any CPU.Deploy.0 = Debug|Any CPU
		{EADBC070-F4C8-4B7F-9814-35BFD117299F}.Debug|ARM.ActiveCfg = Debug|Any CPU
		{EADBC070-F4C8-4B7F-9814-35BFD117299F}.Debug|ARM.Build.0 = Debug|Any CPU
		{EADBC070-F4C8-4B7F-9814-35BFD117299F}.Debug|ARM.Deploy.0 = Debug|Any CPU
		{EADBC070-F4C8-4B7F-9814-35BFD117299F}.Debug|iPhone.ActiveCfg = Debug|Any CPU
		{EADBC070-F4C8-4B7F-9814-35BFD117299F}.Debug|iPhone.Build.0 = Debug|Any CPU
		{EADBC070-F4C8-4B7F-9814-35BFD117299F}.Debug|iPhone.Deploy.0 = Debug|Any CPU
		{EADBC070-F4C8-4B7F-9814-35BFD117299F}.Debug|iPhoneSimulator.ActiveCfg = Debug|Any CPU
		{EADBC070-F4C8-4B7F-9814-35BFD117299F}.Debug|iPhoneSimulator.Build.0 = Debug|Any CPU
		{EADBC070-F4C8-4B7F-9814-35BFD117299F}.Debug|iPhoneSimulator.Deploy.0 = Debug|Any CPU
		{EADBC070-F4C8-4B7F-9814-35BFD117299F}.Debug|x64.ActiveCfg = Debug|Any CPU
		{EADBC070-F4C8-4B7F-9814-35BFD117299F}.Debug|x64.Build.0 = Debug|Any CPU
		{EADBC070-F4C8-4B7F-9814-35BFD117299F}.Debug|x64.Deploy.0 = Debug|Any CPU
		{EADBC070-F4C8-4B7F-9814-35BFD117299F}.Debug|x86.ActiveCfg = Debug|Any CPU
		{EADBC070-F4C8-4B7F-9814-35BFD117299F}.Debug|x86.Build.0 = Debug|Any CPU
		{EADBC070-F4C8-4B7F-9814-35BFD117299F}.Debug|x86.Deploy.0 = Debug|Any CPU
		{EADBC070-F4C8-4B7F-9814-35BFD117299F}.Release|Any CPU.ActiveCfg = Release|Any CPU
		{EADBC070-F4C8-4B7F-9814-35BFD117299F}.Release|Any CPU.Build.0 = Release|Any CPU
		{EADBC070-F4C8-4B7F-9814-35BFD117299F}.Release|Any CPU.Deploy.0 = Release|Any CPU
		{EADBC070-F4C8-4B7F-9814-35BFD117299F}.Release|ARM.ActiveCfg = Release|Any CPU
		{EADBC070-F4C8-4B7F-9814-35BFD117299F}.Release|ARM.Build.0 = Release|Any CPU
		{EADBC070-F4C8-4B7F-9814-35BFD117299F}.Release|ARM.Deploy.0 = Release|Any CPU
		{EADBC070-F4C8-4B7F-9814-35BFD117299F}.Release|iPhone.ActiveCfg = Release|Any CPU
		{EADBC070-F4C8-4B7F-9814-35BFD117299F}.Release|iPhone.Build.0 = Release|Any CPU
		{EADBC070-F4C8-4B7F-9814-35BFD117299F}.Release|iPhone.Deploy.0 = Release|Any CPU
		{EADBC070-F4C8-4B7F-9814-35BFD117299F}.Release|iPhoneSimulator.ActiveCfg = Release|Any CPU
		{EADBC070-F4C8-4B7F-9814-35BFD117299F}.Release|iPhoneSimulator.Build.0 = Release|Any CPU
		{EADBC070-F4C8-4B7F-9814-35BFD117299F}.Release|iPhoneSimulator.Deploy.0 = Release|Any CPU
		{EADBC070-F4C8-4B7F-9814-35BFD117299F}.Release|x64.ActiveCfg = Release|Any CPU
		{EADBC070-F4C8-4B7F-9814-35BFD117299F}.Release|x64.Build.0 = Release|Any CPU
		{EADBC070-F4C8-4B7F-9814-35BFD117299F}.Release|x64.Deploy.0 = Release|Any CPU
		{EADBC070-F4C8-4B7F-9814-35BFD117299F}.Release|x86.ActiveCfg = Release|Any CPU
		{EADBC070-F4C8-4B7F-9814-35BFD117299F}.Release|x86.Build.0 = Release|Any CPU
		{EADBC070-F4C8-4B7F-9814-35BFD117299F}.Release|x86.Deploy.0 = Release|Any CPU
		{C9514539-DE08-4CE4-973D-5FADB695D4DF}.Ad-Hoc|Any CPU.ActiveCfg = Ad-Hoc|iPhone
		{C9514539-DE08-4CE4-973D-5FADB695D4DF}.Ad-Hoc|Any CPU.Build.0 = Ad-Hoc|iPhone
		{C9514539-DE08-4CE4-973D-5FADB695D4DF}.Ad-Hoc|Any CPU.Deploy.0 = Ad-Hoc|iPhone
		{C9514539-DE08-4CE4-973D-5FADB695D4DF}.Ad-Hoc|ARM.ActiveCfg = Ad-Hoc|iPhone
		{C9514539-DE08-4CE4-973D-5FADB695D4DF}.Ad-Hoc|ARM.Build.0 = Ad-Hoc|iPhone
		{C9514539-DE08-4CE4-973D-5FADB695D4DF}.Ad-Hoc|ARM.Deploy.0 = Ad-Hoc|iPhone
		{C9514539-DE08-4CE4-973D-5FADB695D4DF}.Ad-Hoc|iPhone.ActiveCfg = Ad-Hoc|iPhone
		{C9514539-DE08-4CE4-973D-5FADB695D4DF}.Ad-Hoc|iPhone.Build.0 = Ad-Hoc|iPhone
		{C9514539-DE08-4CE4-973D-5FADB695D4DF}.Ad-Hoc|iPhone.Deploy.0 = Ad-Hoc|iPhone
		{C9514539-DE08-4CE4-973D-5FADB695D4DF}.Ad-Hoc|iPhoneSimulator.ActiveCfg = Ad-Hoc|iPhoneSimulator
		{C9514539-DE08-4CE4-973D-5FADB695D4DF}.Ad-Hoc|iPhoneSimulator.Build.0 = Ad-Hoc|iPhoneSimulator
		{C9514539-DE08-4CE4-973D-5FADB695D4DF}.Ad-Hoc|iPhoneSimulator.Deploy.0 = Ad-Hoc|iPhoneSimulator
		{C9514539-DE08-4CE4-973D-5FADB695D4DF}.Ad-Hoc|x64.ActiveCfg = Ad-Hoc|iPhone
		{C9514539-DE08-4CE4-973D-5FADB695D4DF}.Ad-Hoc|x64.Build.0 = Ad-Hoc|iPhone
		{C9514539-DE08-4CE4-973D-5FADB695D4DF}.Ad-Hoc|x64.Deploy.0 = Ad-Hoc|iPhone
		{C9514539-DE08-4CE4-973D-5FADB695D4DF}.Ad-Hoc|x86.ActiveCfg = Ad-Hoc|iPhone
		{C9514539-DE08-4CE4-973D-5FADB695D4DF}.Ad-Hoc|x86.Build.0 = Ad-Hoc|iPhone
		{C9514539-DE08-4CE4-973D-5FADB695D4DF}.Ad-Hoc|x86.Deploy.0 = Ad-Hoc|iPhone
		{C9514539-DE08-4CE4-973D-5FADB695D4DF}.AppStore|Any CPU.ActiveCfg = AppStore|iPhone
		{C9514539-DE08-4CE4-973D-5FADB695D4DF}.AppStore|Any CPU.Build.0 = AppStore|iPhone
		{C9514539-DE08-4CE4-973D-5FADB695D4DF}.AppStore|Any CPU.Deploy.0 = AppStore|iPhone
		{C9514539-DE08-4CE4-973D-5FADB695D4DF}.AppStore|ARM.ActiveCfg = AppStore|iPhone
		{C9514539-DE08-4CE4-973D-5FADB695D4DF}.AppStore|ARM.Build.0 = AppStore|iPhone
		{C9514539-DE08-4CE4-973D-5FADB695D4DF}.AppStore|ARM.Deploy.0 = AppStore|iPhone
		{C9514539-DE08-4CE4-973D-5FADB695D4DF}.AppStore|iPhone.ActiveCfg = AppStore|iPhone
		{C9514539-DE08-4CE4-973D-5FADB695D4DF}.AppStore|iPhone.Build.0 = AppStore|iPhone
		{C9514539-DE08-4CE4-973D-5FADB695D4DF}.AppStore|iPhone.Deploy.0 = AppStore|iPhone
		{C9514539-DE08-4CE4-973D-5FADB695D4DF}.AppStore|iPhoneSimulator.ActiveCfg = AppStore|iPhoneSimulator
		{C9514539-DE08-4CE4-973D-5FADB695D4DF}.AppStore|iPhoneSimulator.Build.0 = AppStore|iPhoneSimulator
		{C9514539-DE08-4CE4-973D-5FADB695D4DF}.AppStore|iPhoneSimulator.Deploy.0 = AppStore|iPhoneSimulator
		{C9514539-DE08-4CE4-973D-5FADB695D4DF}.AppStore|x64.ActiveCfg = AppStore|iPhone
		{C9514539-DE08-4CE4-973D-5FADB695D4DF}.AppStore|x64.Build.0 = AppStore|iPhone
		{C9514539-DE08-4CE4-973D-5FADB695D4DF}.AppStore|x64.Deploy.0 = AppStore|iPhone
		{C9514539-DE08-4CE4-973D-5FADB695D4DF}.AppStore|x86.ActiveCfg = AppStore|iPhone
		{C9514539-DE08-4CE4-973D-5FADB695D4DF}.AppStore|x86.Build.0 = AppStore|iPhone
		{C9514539-DE08-4CE4-973D-5FADB695D4DF}.AppStore|x86.Deploy.0 = AppStore|iPhone
		{C9514539-DE08-4CE4-973D-5FADB695D4DF}.Debug|Any CPU.ActiveCfg = Debug|iPhoneSimulator
		{C9514539-DE08-4CE4-973D-5FADB695D4DF}.Debug|Any CPU.Build.0 = Debug|iPhoneSimulator
		{C9514539-DE08-4CE4-973D-5FADB695D4DF}.Debug|Any CPU.Deploy.0 = Debug|iPhoneSimulator
		{C9514539-DE08-4CE4-973D-5FADB695D4DF}.Debug|ARM.ActiveCfg = Debug|iPhone
		{C9514539-DE08-4CE4-973D-5FADB695D4DF}.Debug|ARM.Build.0 = Debug|iPhone
		{C9514539-DE08-4CE4-973D-5FADB695D4DF}.Debug|ARM.Deploy.0 = Debug|iPhone
		{C9514539-DE08-4CE4-973D-5FADB695D4DF}.Debug|iPhone.ActiveCfg = Debug|iPhone
		{C9514539-DE08-4CE4-973D-5FADB695D4DF}.Debug|iPhone.Build.0 = Debug|iPhone
		{C9514539-DE08-4CE4-973D-5FADB695D4DF}.Debug|iPhone.Deploy.0 = Debug|iPhone
		{C9514539-DE08-4CE4-973D-5FADB695D4DF}.Debug|iPhoneSimulator.ActiveCfg = Debug|iPhoneSimulator
		{C9514539-DE08-4CE4-973D-5FADB695D4DF}.Debug|iPhoneSimulator.Build.0 = Debug|iPhoneSimulator
		{C9514539-DE08-4CE4-973D-5FADB695D4DF}.Debug|iPhoneSimulator.Deploy.0 = Debug|iPhoneSimulator
		{C9514539-DE08-4CE4-973D-5FADB695D4DF}.Debug|x64.ActiveCfg = Debug|iPhone
		{C9514539-DE08-4CE4-973D-5FADB695D4DF}.Debug|x64.Build.0 = Debug|iPhone
		{C9514539-DE08-4CE4-973D-5FADB695D4DF}.Debug|x64.Deploy.0 = Debug|iPhone
		{C9514539-DE08-4CE4-973D-5FADB695D4DF}.Debug|x86.ActiveCfg = Debug|iPhone
		{C9514539-DE08-4CE4-973D-5FADB695D4DF}.Debug|x86.Build.0 = Debug|iPhone
		{C9514539-DE08-4CE4-973D-5FADB695D4DF}.Debug|x86.Deploy.0 = Debug|iPhone
		{C9514539-DE08-4CE4-973D-5FADB695D4DF}.Release|Any CPU.ActiveCfg = Release|iPhone
		{C9514539-DE08-4CE4-973D-5FADB695D4DF}.Release|Any CPU.Build.0 = Release|iPhone
		{C9514539-DE08-4CE4-973D-5FADB695D4DF}.Release|Any CPU.Deploy.0 = Release|iPhone
		{C9514539-DE08-4CE4-973D-5FADB695D4DF}.Release|ARM.ActiveCfg = Release|iPhone
		{C9514539-DE08-4CE4-973D-5FADB695D4DF}.Release|ARM.Build.0 = Release|iPhone
		{C9514539-DE08-4CE4-973D-5FADB695D4DF}.Release|ARM.Deploy.0 = Release|iPhone
		{C9514539-DE08-4CE4-973D-5FADB695D4DF}.Release|iPhone.ActiveCfg = Release|iPhone
		{C9514539-DE08-4CE4-973D-5FADB695D4DF}.Release|iPhone.Build.0 = Release|iPhone
		{C9514539-DE08-4CE4-973D-5FADB695D4DF}.Release|iPhone.Deploy.0 = Release|iPhone
		{C9514539-DE08-4CE4-973D-5FADB695D4DF}.Release|iPhoneSimulator.ActiveCfg = Release|iPhoneSimulator
		{C9514539-DE08-4CE4-973D-5FADB695D4DF}.Release|iPhoneSimulator.Build.0 = Release|iPhoneSimulator
		{C9514539-DE08-4CE4-973D-5FADB695D4DF}.Release|iPhoneSimulator.Deploy.0 = Release|iPhoneSimulator
		{C9514539-DE08-4CE4-973D-5FADB695D4DF}.Release|x64.ActiveCfg = Release|iPhone
		{C9514539-DE08-4CE4-973D-5FADB695D4DF}.Release|x64.Build.0 = Release|iPhone
		{C9514539-DE08-4CE4-973D-5FADB695D4DF}.Release|x64.Deploy.0 = Release|iPhone
		{C9514539-DE08-4CE4-973D-5FADB695D4DF}.Release|x86.ActiveCfg = Release|iPhone
		{C9514539-DE08-4CE4-973D-5FADB695D4DF}.Release|x86.Build.0 = Release|iPhone
		{C9514539-DE08-4CE4-973D-5FADB695D4DF}.Release|x86.Deploy.0 = Release|iPhone
		{D63A1A8D-665C-493A-AA0D-A422982173A7}.Ad-Hoc|Any CPU.ActiveCfg = Release|x86
		{D63A1A8D-665C-493A-AA0D-A422982173A7}.Ad-Hoc|Any CPU.Build.0 = Release|x86
		{D63A1A8D-665C-493A-AA0D-A422982173A7}.Ad-Hoc|Any CPU.Deploy.0 = Release|x86
		{D63A1A8D-665C-493A-AA0D-A422982173A7}.Ad-Hoc|ARM.ActiveCfg = Release|ARM
		{D63A1A8D-665C-493A-AA0D-A422982173A7}.Ad-Hoc|ARM.Build.0 = Release|ARM
		{D63A1A8D-665C-493A-AA0D-A422982173A7}.Ad-Hoc|ARM.Deploy.0 = Release|ARM
		{D63A1A8D-665C-493A-AA0D-A422982173A7}.Ad-Hoc|iPhone.ActiveCfg = Release|x86
		{D63A1A8D-665C-493A-AA0D-A422982173A7}.Ad-Hoc|iPhone.Build.0 = Release|x86
		{D63A1A8D-665C-493A-AA0D-A422982173A7}.Ad-Hoc|iPhone.Deploy.0 = Release|x86
		{D63A1A8D-665C-493A-AA0D-A422982173A7}.Ad-Hoc|iPhoneSimulator.ActiveCfg = Release|x86
		{D63A1A8D-665C-493A-AA0D-A422982173A7}.Ad-Hoc|iPhoneSimulator.Build.0 = Release|x86
		{D63A1A8D-665C-493A-AA0D-A422982173A7}.Ad-Hoc|iPhoneSimulator.Deploy.0 = Release|x86
		{D63A1A8D-665C-493A-AA0D-A422982173A7}.Ad-Hoc|x64.ActiveCfg = Release|x64
		{D63A1A8D-665C-493A-AA0D-A422982173A7}.Ad-Hoc|x64.Build.0 = Release|x64
		{D63A1A8D-665C-493A-AA0D-A422982173A7}.Ad-Hoc|x64.Deploy.0 = Release|x64
		{D63A1A8D-665C-493A-AA0D-A422982173A7}.Ad-Hoc|x86.ActiveCfg = Release|x86
		{D63A1A8D-665C-493A-AA0D-A422982173A7}.Ad-Hoc|x86.Build.0 = Release|x86
		{D63A1A8D-665C-493A-AA0D-A422982173A7}.Ad-Hoc|x86.Deploy.0 = Release|x86
		{D63A1A8D-665C-493A-AA0D-A422982173A7}.AppStore|Any CPU.ActiveCfg = Release|x86
		{D63A1A8D-665C-493A-AA0D-A422982173A7}.AppStore|Any CPU.Build.0 = Release|x86
		{D63A1A8D-665C-493A-AA0D-A422982173A7}.AppStore|Any CPU.Deploy.0 = Release|x86
		{D63A1A8D-665C-493A-AA0D-A422982173A7}.AppStore|ARM.ActiveCfg = Release|ARM
		{D63A1A8D-665C-493A-AA0D-A422982173A7}.AppStore|ARM.Build.0 = Release|ARM
		{D63A1A8D-665C-493A-AA0D-A422982173A7}.AppStore|ARM.Deploy.0 = Release|ARM
		{D63A1A8D-665C-493A-AA0D-A422982173A7}.AppStore|iPhone.ActiveCfg = Release|x86
		{D63A1A8D-665C-493A-AA0D-A422982173A7}.AppStore|iPhone.Build.0 = Release|x86
		{D63A1A8D-665C-493A-AA0D-A422982173A7}.AppStore|iPhone.Deploy.0 = Release|x86
		{D63A1A8D-665C-493A-AA0D-A422982173A7}.AppStore|iPhoneSimulator.ActiveCfg = Release|x86
		{D63A1A8D-665C-493A-AA0D-A422982173A7}.AppStore|iPhoneSimulator.Build.0 = Release|x86
		{D63A1A8D-665C-493A-AA0D-A422982173A7}.AppStore|iPhoneSimulator.Deploy.0 = Release|x86
		{D63A1A8D-665C-493A-AA0D-A422982173A7}.AppStore|x64.ActiveCfg = Release|x64
		{D63A1A8D-665C-493A-AA0D-A422982173A7}.AppStore|x64.Build.0 = Release|x64
		{D63A1A8D-665C-493A-AA0D-A422982173A7}.AppStore|x64.Deploy.0 = Release|x64
		{D63A1A8D-665C-493A-AA0D-A422982173A7}.AppStore|x86.ActiveCfg = Release|x86
		{D63A1A8D-665C-493A-AA0D-A422982173A7}.AppStore|x86.Build.0 = Release|x86
		{D63A1A8D-665C-493A-AA0D-A422982173A7}.AppStore|x86.Deploy.0 = Release|x86
		{D63A1A8D-665C-493A-AA0D-A422982173A7}.Debug|Any CPU.ActiveCfg = Debug|x86
		{D63A1A8D-665C-493A-AA0D-A422982173A7}.Debug|Any CPU.Build.0 = Debug|x86
		{D63A1A8D-665C-493A-AA0D-A422982173A7}.Debug|Any CPU.Deploy.0 = Debug|x86
		{D63A1A8D-665C-493A-AA0D-A422982173A7}.Debug|ARM.ActiveCfg = Debug|ARM
		{D63A1A8D-665C-493A-AA0D-A422982173A7}.Debug|ARM.Build.0 = Debug|ARM
		{D63A1A8D-665C-493A-AA0D-A422982173A7}.Debug|ARM.Deploy.0 = Debug|ARM
		{D63A1A8D-665C-493A-AA0D-A422982173A7}.Debug|iPhone.ActiveCfg = Debug|x86
		{D63A1A8D-665C-493A-AA0D-A422982173A7}.Debug|iPhone.Build.0 = Debug|x86
		{D63A1A8D-665C-493A-AA0D-A422982173A7}.Debug|iPhone.Deploy.0 = Debug|x86
		{D63A1A8D-665C-493A-AA0D-A422982173A7}.Debug|iPhoneSimulator.ActiveCfg = Debug|x86
		{D63A1A8D-665C-493A-AA0D-A422982173A7}.Debug|iPhoneSimulator.Build.0 = Debug|x86
		{D63A1A8D-665C-493A-AA0D-A422982173A7}.Debug|iPhoneSimulator.Deploy.0 = Debug|x86
		{D63A1A8D-665C-493A-AA0D-A422982173A7}.Debug|x64.ActiveCfg = Debug|x64
		{D63A1A8D-665C-493A-AA0D-A422982173A7}.Debug|x64.Build.0 = Debug|x64
		{D63A1A8D-665C-493A-AA0D-A422982173A7}.Debug|x64.Deploy.0 = Debug|x64
		{D63A1A8D-665C-493A-AA0D-A422982173A7}.Debug|x86.ActiveCfg = Debug|x86
		{D63A1A8D-665C-493A-AA0D-A422982173A7}.Debug|x86.Build.0 = Debug|x86
		{D63A1A8D-665C-493A-AA0D-A422982173A7}.Debug|x86.Deploy.0 = Debug|x86
		{D63A1A8D-665C-493A-AA0D-A422982173A7}.Release|Any CPU.ActiveCfg = Release|x86
		{D63A1A8D-665C-493A-AA0D-A422982173A7}.Release|Any CPU.Build.0 = Release|x86
		{D63A1A8D-665C-493A-AA0D-A422982173A7}.Release|Any CPU.Deploy.0 = Release|x86
		{D63A1A8D-665C-493A-AA0D-A422982173A7}.Release|ARM.ActiveCfg = Release|ARM
		{D63A1A8D-665C-493A-AA0D-A422982173A7}.Release|ARM.Build.0 = Release|ARM
		{D63A1A8D-665C-493A-AA0D-A422982173A7}.Release|ARM.Deploy.0 = Release|ARM
		{D63A1A8D-665C-493A-AA0D-A422982173A7}.Release|iPhone.ActiveCfg = Release|x86
		{D63A1A8D-665C-493A-AA0D-A422982173A7}.Release|iPhone.Build.0 = Release|x86
		{D63A1A8D-665C-493A-AA0D-A422982173A7}.Release|iPhone.Deploy.0 = Release|x86
		{D63A1A8D-665C-493A-AA0D-A422982173A7}.Release|iPhoneSimulator.ActiveCfg = Release|x86
		{D63A1A8D-665C-493A-AA0D-A422982173A7}.Release|iPhoneSimulator.Build.0 = Release|x86
		{D63A1A8D-665C-493A-AA0D-A422982173A7}.Release|iPhoneSimulator.Deploy.0 = Release|x86
		{D63A1A8D-665C-493A-AA0D-A422982173A7}.Release|x64.ActiveCfg = Release|x64
		{D63A1A8D-665C-493A-AA0D-A422982173A7}.Release|x64.Build.0 = Release|x64
		{D63A1A8D-665C-493A-AA0D-A422982173A7}.Release|x64.Deploy.0 = Release|x64
		{D63A1A8D-665C-493A-AA0D-A422982173A7}.Release|x86.ActiveCfg = Release|x86
		{D63A1A8D-665C-493A-AA0D-A422982173A7}.Release|x86.Build.0 = Release|x86
		{D63A1A8D-665C-493A-AA0D-A422982173A7}.Release|x86.Deploy.0 = Release|x86
		{465B8E62-C7C7-4A74-8747-A647AB686B47}.Ad-Hoc|Any CPU.ActiveCfg = Debug|Any CPU
		{465B8E62-C7C7-4A74-8747-A647AB686B47}.Ad-Hoc|Any CPU.Build.0 = Debug|Any CPU
		{465B8E62-C7C7-4A74-8747-A647AB686B47}.Ad-Hoc|Any CPU.Deploy.0 = Debug|Any CPU
		{465B8E62-C7C7-4A74-8747-A647AB686B47}.Ad-Hoc|ARM.ActiveCfg = Debug|Any CPU
		{465B8E62-C7C7-4A74-8747-A647AB686B47}.Ad-Hoc|ARM.Build.0 = Debug|Any CPU
		{465B8E62-C7C7-4A74-8747-A647AB686B47}.Ad-Hoc|ARM.Deploy.0 = Debug|Any CPU
		{465B8E62-C7C7-4A74-8747-A647AB686B47}.Ad-Hoc|iPhone.ActiveCfg = Debug|Any CPU
		{465B8E62-C7C7-4A74-8747-A647AB686B47}.Ad-Hoc|iPhone.Build.0 = Debug|Any CPU
		{465B8E62-C7C7-4A74-8747-A647AB686B47}.Ad-Hoc|iPhone.Deploy.0 = Debug|Any CPU
		{465B8E62-C7C7-4A74-8747-A647AB686B47}.Ad-Hoc|iPhoneSimulator.ActiveCfg = Debug|Any CPU
		{465B8E62-C7C7-4A74-8747-A647AB686B47}.Ad-Hoc|iPhoneSimulator.Build.0 = Debug|Any CPU
		{465B8E62-C7C7-4A74-8747-A647AB686B47}.Ad-Hoc|iPhoneSimulator.Deploy.0 = Debug|Any CPU
		{465B8E62-C7C7-4A74-8747-A647AB686B47}.Ad-Hoc|x64.ActiveCfg = Debug|Any CPU
		{465B8E62-C7C7-4A74-8747-A647AB686B47}.Ad-Hoc|x64.Build.0 = Debug|Any CPU
		{465B8E62-C7C7-4A74-8747-A647AB686B47}.Ad-Hoc|x64.Deploy.0 = Debug|Any CPU
		{465B8E62-C7C7-4A74-8747-A647AB686B47}.Ad-Hoc|x86.ActiveCfg = Debug|Any CPU
		{465B8E62-C7C7-4A74-8747-A647AB686B47}.Ad-Hoc|x86.Build.0 = Debug|Any CPU
		{465B8E62-C7C7-4A74-8747-A647AB686B47}.Ad-Hoc|x86.Deploy.0 = Debug|Any CPU
		{465B8E62-C7C7-4A74-8747-A647AB686B47}.AppStore|Any CPU.ActiveCfg = Debug|Any CPU
		{465B8E62-C7C7-4A74-8747-A647AB686B47}.AppStore|Any CPU.Build.0 = Debug|Any CPU
		{465B8E62-C7C7-4A74-8747-A647AB686B47}.AppStore|Any CPU.Deploy.0 = Debug|Any CPU
		{465B8E62-C7C7-4A74-8747-A647AB686B47}.AppStore|ARM.ActiveCfg = Debug|Any CPU
		{465B8E62-C7C7-4A74-8747-A647AB686B47}.AppStore|ARM.Build.0 = Debug|Any CPU
		{465B8E62-C7C7-4A74-8747-A647AB686B47}.AppStore|ARM.Deploy.0 = Debug|Any CPU
		{465B8E62-C7C7-4A74-8747-A647AB686B47}.AppStore|iPhone.ActiveCfg = Debug|Any CPU
		{465B8E62-C7C7-4A74-8747-A647AB686B47}.AppStore|iPhone.Build.0 = Debug|Any CPU
		{465B8E62-C7C7-4A74-8747-A647AB686B47}.AppStore|iPhone.Deploy.0 = Debug|Any CPU
		{465B8E62-C7C7-4A74-8747-A647AB686B47}.AppStore|iPhoneSimulator.ActiveCfg = Debug|Any CPU
		{465B8E62-C7C7-4A74-8747-A647AB686B47}.AppStore|iPhoneSimulator.Build.0 = Debug|Any CPU
		{465B8E62-C7C7-4A74-8747-A647AB686B47}.AppStore|iPhoneSimulator.Deploy.0 = Debug|Any CPU
		{465B8E62-C7C7-4A74-8747-A647AB686B47}.AppStore|x64.ActiveCfg = Debug|Any CPU
		{465B8E62-C7C7-4A74-8747-A647AB686B47}.AppStore|x64.Build.0 = Debug|Any CPU
		{465B8E62-C7C7-4A74-8747-A647AB686B47}.AppStore|x64.Deploy.0 = Debug|Any CPU
		{465B8E62-C7C7-4A74-8747-A647AB686B47}.AppStore|x86.ActiveCfg = Debug|Any CPU
		{465B8E62-C7C7-4A74-8747-A647AB686B47}.AppStore|x86.Build.0 = Debug|Any CPU
		{465B8E62-C7C7-4A74-8747-A647AB686B47}.AppStore|x86.Deploy.0 = Debug|Any CPU
		{465B8E62-C7C7-4A74-8747-A647AB686B47}.Debug|Any CPU.ActiveCfg = Debug|Any CPU
		{465B8E62-C7C7-4A74-8747-A647AB686B47}.Debug|Any CPU.Build.0 = Debug|Any CPU
		{465B8E62-C7C7-4A74-8747-A647AB686B47}.Debug|Any CPU.Deploy.0 = Debug|Any CPU
		{465B8E62-C7C7-4A74-8747-A647AB686B47}.Debug|ARM.ActiveCfg = Debug|Any CPU
		{465B8E62-C7C7-4A74-8747-A647AB686B47}.Debug|ARM.Build.0 = Debug|Any CPU
		{465B8E62-C7C7-4A74-8747-A647AB686B47}.Debug|ARM.Deploy.0 = Debug|Any CPU
		{465B8E62-C7C7-4A74-8747-A647AB686B47}.Debug|iPhone.ActiveCfg = Debug|Any CPU
		{465B8E62-C7C7-4A74-8747-A647AB686B47}.Debug|iPhone.Build.0 = Debug|Any CPU
		{465B8E62-C7C7-4A74-8747-A647AB686B47}.Debug|iPhone.Deploy.0 = Debug|Any CPU
		{465B8E62-C7C7-4A74-8747-A647AB686B47}.Debug|iPhoneSimulator.ActiveCfg = Debug|Any CPU
		{465B8E62-C7C7-4A74-8747-A647AB686B47}.Debug|iPhoneSimulator.Build.0 = Debug|Any CPU
		{465B8E62-C7C7-4A74-8747-A647AB686B47}.Debug|iPhoneSimulator.Deploy.0 = Debug|Any CPU
		{465B8E62-C7C7-4A74-8747-A647AB686B47}.Debug|x64.ActiveCfg = Debug|Any CPU
		{465B8E62-C7C7-4A74-8747-A647AB686B47}.Debug|x64.Build.0 = Debug|Any CPU
		{465B8E62-C7C7-4A74-8747-A647AB686B47}.Debug|x64.Deploy.0 = Debug|Any CPU
		{465B8E62-C7C7-4A74-8747-A647AB686B47}.Debug|x86.ActiveCfg = Debug|Any CPU
		{465B8E62-C7C7-4A74-8747-A647AB686B47}.Debug|x86.Build.0 = Debug|Any CPU
		{465B8E62-C7C7-4A74-8747-A647AB686B47}.Debug|x86.Deploy.0 = Debug|Any CPU
		{465B8E62-C7C7-4A74-8747-A647AB686B47}.Release|Any CPU.ActiveCfg = Release|Any CPU
		{465B8E62-C7C7-4A74-8747-A647AB686B47}.Release|Any CPU.Build.0 = Release|Any CPU
		{465B8E62-C7C7-4A74-8747-A647AB686B47}.Release|Any CPU.Deploy.0 = Release|Any CPU
		{465B8E62-C7C7-4A74-8747-A647AB686B47}.Release|ARM.ActiveCfg = Release|Any CPU
		{465B8E62-C7C7-4A74-8747-A647AB686B47}.Release|ARM.Build.0 = Release|Any CPU
		{465B8E62-C7C7-4A74-8747-A647AB686B47}.Release|ARM.Deploy.0 = Release|Any CPU
		{465B8E62-C7C7-4A74-8747-A647AB686B47}.Release|iPhone.ActiveCfg = Release|Any CPU
		{465B8E62-C7C7-4A74-8747-A647AB686B47}.Release|iPhone.Build.0 = Release|Any CPU
		{465B8E62-C7C7-4A74-8747-A647AB686B47}.Release|iPhone.Deploy.0 = Release|Any CPU
		{465B8E62-C7C7-4A74-8747-A647AB686B47}.Release|iPhoneSimulator.ActiveCfg = Release|Any CPU
		{465B8E62-C7C7-4A74-8747-A647AB686B47}.Release|iPhoneSimulator.Build.0 = Release|Any CPU
		{465B8E62-C7C7-4A74-8747-A647AB686B47}.Release|iPhoneSimulator.Deploy.0 = Release|Any CPU
		{465B8E62-C7C7-4A74-8747-A647AB686B47}.Release|x64.ActiveCfg = Release|Any CPU
		{465B8E62-C7C7-4A74-8747-A647AB686B47}.Release|x64.Build.0 = Release|Any CPU
		{465B8E62-C7C7-4A74-8747-A647AB686B47}.Release|x64.Deploy.0 = Release|Any CPU
		{465B8E62-C7C7-4A74-8747-A647AB686B47}.Release|x86.ActiveCfg = Release|Any CPU
		{465B8E62-C7C7-4A74-8747-A647AB686B47}.Release|x86.Build.0 = Release|Any CPU
		{465B8E62-C7C7-4A74-8747-A647AB686B47}.Release|x86.Deploy.0 = Release|Any CPU
	EndGlobalSection
	GlobalSection(SolutionProperties) = preSolution
		HideSolutionNode = FALSE
	EndGlobalSection
	GlobalSection(ExtensibilityGlobals) = postSolution
		SolutionGuid = {DFFA86B3-85B4-493B-A250-363E91DB8FEA}
	EndGlobalSection
EndGlobal
